{
    "version": 3,
    "terraform_version": "0.11.7",
    "serial": 8,
    "lineage": "d90dbfeb-83fa-9564-24a1-2bd4805a0828",
    "modules": [
        {
            "path": [
                "root"
            ],
            "outputs": {},
            "resources": {
                "aws_instance.webserver001": {
                    "type": "aws_instance",
                    "depends_on": [
                        "aws_key_pair.default",
                        "aws_security_group.default"
                    ],
                    "primary": {
                        "id": "i-04e2369a999bacb72",
                        "attributes": {
                            "ami": "ami-8c1be5f6",
                            "associate_public_ip_address": "true",
                            "availability_zone": "us-east-1a",
                            "disable_api_termination": "false",
                            "ebs_block_device.#": "0",
                            "ebs_optimized": "false",
                            "ephemeral_block_device.#": "0",
                            "get_password_data": "false",
                            "iam_instance_profile": "",
                            "id": "i-04e2369a999bacb72",
                            "instance_state": "running",
                            "instance_type": "t2.micro",
                            "ipv6_addresses.#": "0",
                            "key_name": "ec2-elb-key",
                            "monitoring": "false",
                            "network_interface.#": "0",
                            "network_interface_id": "eni-0c1059444f285cf93",
                            "password_data": "",
                            "placement_group": "",
                            "primary_network_interface_id": "eni-0c1059444f285cf93",
                            "private_dns": "ip-172-31-89-1.ec2.internal",
                            "private_ip": "172.31.89.1",
                            "public_dns": "ec2-54-145-162-217.compute-1.amazonaws.com",
                            "public_ip": "54.145.162.217",
                            "root_block_device.#": "1",
                            "root_block_device.0.delete_on_termination": "true",
                            "root_block_device.0.iops": "100",
                            "root_block_device.0.volume_id": "vol-0c61d7157da05fa52",
                            "root_block_device.0.volume_size": "8",
                            "root_block_device.0.volume_type": "gp2",
                            "security_groups.#": "1",
                            "security_groups.2863474223": "ec2-elb-sg",
                            "source_dest_check": "true",
                            "subnet_id": "subnet-200e180f",
                            "tags.%": "1",
                            "tags.Name": "webserver001",
                            "tenancy": "default",
                            "user_data": "3a16d24a6454e29fc765b7dd66f6442fe87769c2",
                            "volume_tags.%": "0",
                            "vpc_security_group_ids.#": "1",
                            "vpc_security_group_ids.3433338067": "sg-09af83cb81237b23f"
                        },
                        "meta": {
                            "e2bfb730-ecaa-11e6-8f88-34363bc7c4c0": {
                                "create": 600000000000,
                                "delete": 1200000000000,
                                "update": 600000000000
                            },
                            "schema_version": "1"
                        },
                        "tainted": false
                    },
                    "deposed": [],
                    "provider": "provider.aws"
                },
                "aws_key_pair.default": {
                    "type": "aws_key_pair",
                    "depends_on": [],
                    "primary": {
                        "id": "ec2-elb-key",
                        "attributes": {
                            "id": "ec2-elb-key",
                            "key_name": "ec2-elb-key",
                            "public_key": "ssh-rsa AAAAB3NzaC1yc2EAAAADAQABAAABAQDsYqTq0HVGGZhoUWiQj8JqX7iofLwuDtcZRfUfHGdqJq7bd4Ok1XPrOgf59i8QwQxIMIwperVFyY1hsEBQyiNmVPQWfxaOtK+GS1OQUb44VD5QFThihnPWnN744nne4g6Oh8GhK8luBJJDypBJ52wt/k1amTHcal/NJbdICZAIUmw6jhoHPf80b1Bwo/4fxQc3hRfjd8LCIE1sQ3yzjvpHAHQOHXEwtWX8GZ9V5sgQP5XQ40sbStVA9Rd9P2QlnEk9JLnZAEYZcauIdA217Sgg98CMixW1C/nR3AC+E6XQyenPPkaeB8lMbXntwMI14Hxu1NLCLYbBLE4CS8dQ1vux jakeline@sylvia"
                        },
                        "meta": {
                            "schema_version": "1"
                        },
                        "tainted": false
                    },
                    "deposed": [],
                    "provider": "provider.aws"
                },
                "aws_security_group.default": {
                    "type": "aws_security_group",
                    "depends_on": [],
                    "primary": {
                        "id": "sg-09af83cb81237b23f",
                        "attributes": {
                            "arn": "arn:aws:ec2:us-east-1:708413783993:security-group/sg-09af83cb81237b23f",
                            "description": "Managed by Terraform",
                            "egress.#": "1",
                            "egress.1403647648.cidr_blocks.#": "1",
                            "egress.1403647648.cidr_blocks.0": "0.0.0.0/0",
                            "egress.1403647648.description": "",
                            "egress.1403647648.from_port": "0",
                            "egress.1403647648.ipv6_cidr_blocks.#": "0",
                            "egress.1403647648.prefix_list_ids.#": "0",
                            "egress.1403647648.protocol": "tcp",
                            "egress.1403647648.security_groups.#": "0",
                            "egress.1403647648.self": "false",
                            "egress.1403647648.to_port": "65535",
                            "id": "sg-09af83cb81237b23f",
                            "ingress.#": "1",
                            "ingress.2214680975.cidr_blocks.#": "1",
                            "ingress.2214680975.cidr_blocks.0": "0.0.0.0/0",
                            "ingress.2214680975.description": "",
                            "ingress.2214680975.from_port": "80",
                            "ingress.2214680975.ipv6_cidr_blocks.#": "0",
                            "ingress.2214680975.protocol": "tcp",
                            "ingress.2214680975.security_groups.#": "0",
                            "ingress.2214680975.self": "false",
                            "ingress.2214680975.to_port": "80",
                            "name": "ec2-elb-sg",
                            "owner_id": "708413783993",
                            "revoke_rules_on_delete": "false",
                            "tags.%": "0",
                            "vpc_id": "vpc-d7f286ac"
                        },
                        "meta": {
                            "e2bfb730-ecaa-11e6-8f88-34363bc7c4c0": {
                                "create": 600000000000,
                                "delete": 600000000000
                            },
                            "schema_version": "1"
                        },
                        "tainted": false
                    },
                    "deposed": [],
                    "provider": "provider.aws"
                }
            },
            "depends_on": []
        }
    ]
}
